
Microsoft Visual Studio Solution File, Format Version 12.00
# Visual Studio Version 17
VisualStudioVersion = 17.0.32112.339
MinimumVisualStudioVersion = 10.0.40219.1
Project("{FAE04EC0-301F-11D3-BF4B-00C04F79EFBC}") = "Interpretador_Acad.ConsoleApp", "Interpretador_Acad.ConsoleApp\Interpretador_Acad.ConsoleApp.csproj", "{C41B8C4D-BB90-4A84-8E14-50245645C099}"
EndProject
Global
	GlobalSection(SolutionConfigurationPlatforms) = preSolution
		Debug|Any CPU = Debug|Any CPU
		Release|Any CPU = Release|Any CPU
	EndGlobalSection
	GlobalSection(ProjectConfigurationPlatforms) = postSolution
		{C41B8C4D-BB90-4A84-8E14-50245645C099}.Debug|Any CPU.ActiveCfg = Debug|Any CPU
		{C41B8C4D-BB90-4A84-8E14-50245645C099}.Debug|Any CPU.Build.0 = Debug|Any CPU
		{C41B8C4D-BB90-4A84-8E14-50245645C099}.Release|Any CPU.ActiveCfg = Release|Any CPU
		{C41B8C4D-BB90-4A84-8E14-50245645C099}.Release|Any CPU.Build.0 = Release|Any CPU
	EndGlobalSection
	GlobalSection(SolutionProperties) = preSolution
		HideSolutionNode = FALSE
	EndGlobalSection
	GlobalSection(ExtensibilityGlobals) = postSolution
		SolutionGuid = {6B738A7C-BBE0-4949-9674-C5D361ECADE0}
	EndGlobalSection
EndGlobal
